
Microsoft Visual Studio Solution File, Format Version 12.00
# Visual Studio Version 16
VisualStudioVersion = 16.0.30907.101
MinimumVisualStudioVersion = 10.0.40219.1
Project("{9A19103F-16F7-4668-BE54-9A1E7A4F7556}") = "Entities", "Entities\Entities.csproj", "{45968F79-E154-4762-A87A-D8F870B7B1AD}"
EndProject
Project("{9A19103F-16F7-4668-BE54-9A1E7A4F7556}") = "DataAccess", "DataAccess\DataAccess.csproj", "{02082E5A-AE3D-4856-B837-0C2F0E99F993}"
EndProject
Project("{9A19103F-16F7-4668-BE54-9A1E7A4F7556}") = "Business", "Business\Business.csproj", "{5DC4E735-7625-482A-B0A5-6D7E29EF0E07}"
EndProject
Project("{9A19103F-16F7-4668-BE54-9A1E7A4F7556}") = "ConsoleUI", "ConsoleUI\ConsoleUI.csproj", "{5FE0ACF7-EE18-4F13-ACA4-27F8A31B2DAB}"
EndProject
Project("{9A19103F-16F7-4668-BE54-9A1E7A4F7556}") = "Core", "Core\Core.csproj", "{53D531A2-ACBA-4628-A9A1-8A90B31FECA7}"
EndProject
Project("{FAE04EC0-301F-11D3-BF4B-00C04F79EFBC}") = "WebAPI", "WebAPI\WebAPI.csproj", "{15B19E68-6616-432B-A194-BDCA19AE800E}"
EndProject
Global
	GlobalSection(SolutionConfigurationPlatforms) = preSolution
		Debug|Any CPU = Debug|Any CPU
		Release|Any CPU = Release|Any CPU
	EndGlobalSection
	GlobalSection(ProjectConfigurationPlatforms) = postSolution
		{45968F79-E154-4762-A87A-D8F870B7B1AD}.Debug|Any CPU.ActiveCfg = Debug|Any CPU
		{45968F79-E154-4762-A87A-D8F870B7B1AD}.Debug|Any CPU.Build.0 = Debug|Any CPU
		{45968F79-E154-4762-A87A-D8F870B7B1AD}.Release|Any CPU.ActiveCfg = Release|Any CPU
		{45968F79-E154-4762-A87A-D8F870B7B1AD}.Release|Any CPU.Build.0 = Release|Any CPU
		{02082E5A-AE3D-4856-B837-0C2F0E99F993}.Debug|Any CPU.ActiveCfg = Debug|Any CPU
		{02082E5A-AE3D-4856-B837-0C2F0E99F993}.Debug|Any CPU.Build.0 = Debug|Any CPU
		{02082E5A-AE3D-4856-B837-0C2F0E99F993}.Release|Any CPU.ActiveCfg = Release|Any CPU
		{02082E5A-AE3D-4856-B837-0C2F0E99F993}.Release|Any CPU.Build.0 = Release|Any CPU
		{5DC4E735-7625-482A-B0A5-6D7E29EF0E07}.Debug|Any CPU.ActiveCfg = Debug|Any CPU
		{5DC4E735-7625-482A-B0A5-6D7E29EF0E07}.Debug|Any CPU.Build.0 = Debug|Any CPU
		{5DC4E735-7625-482A-B0A5-6D7E29EF0E07}.Release|Any CPU.ActiveCfg = Release|Any CPU
		{5DC4E735-7625-482A-B0A5-6D7E29EF0E07}.Release|Any CPU.Build.0 = Release|Any CPU
		{5FE0ACF7-EE18-4F13-ACA4-27F8A31B2DAB}.Debug|Any CPU.ActiveCfg = Debug|Any CPU
		{5FE0ACF7-EE18-4F13-ACA4-27F8A31B2DAB}.Debug|Any CPU.Build.0 = Debug|Any CPU
		{5FE0ACF7-EE18-4F13-ACA4-27F8A31B2DAB}.Release|Any CPU.ActiveCfg = Release|Any CPU
		{5FE0ACF7-EE18-4F13-ACA4-27F8A31B2DAB}.Release|Any CPU.Build.0 = Release|Any CPU
		{53D531A2-ACBA-4628-A9A1-8A90B31FECA7}.Debug|Any CPU.ActiveCfg = Debug|Any CPU
		{53D531A2-ACBA-4628-A9A1-8A90B31FECA7}.Debug|Any CPU.Build.0 = Debug|Any CPU
		{53D531A2-ACBA-4628-A9A1-8A90B31FECA7}.Release|Any CPU.ActiveCfg = Release|Any CPU
		{53D531A2-ACBA-4628-A9A1-8A90B31FECA7}.Release|Any CPU.Build.0 = Release|Any CPU
		{15B19E68-6616-432B-A194-BDCA19AE800E}.Debug|Any CPU.ActiveCfg = Debug|Any CPU
		{15B19E68-6616-432B-A194-BDCA19AE800E}.Debug|Any CPU.Build.0 = Debug|Any CPU
		{15B19E68-6616-432B-A194-BDCA19AE800E}.Release|Any CPU.ActiveCfg = Release|Any CPU
		{15B19E68-6616-432B-A194-BDCA19AE800E}.Release|Any CPU.Build.0 = Release|Any CPU
	EndGlobalSection
	GlobalSection(SolutionProperties) = preSolution
		HideSolutionNode = FALSE
	EndGlobalSection
	GlobalSection(ExtensibilityGlobals) = postSolution
		SolutionGuid = {00741DC7-01DB-4552-8EA8-9BB2CC81F1E5}
	EndGlobalSection
EndGlobal
